PODS:
  - MDMVVM (0.0.3):
    - ReactiveObjC
  - ReactiveObjC (3.1.1)
  - SVProgressHUD (2.2.5)

DEPENDENCIES:
  - MDMVVM (from `../`)
  - ReactiveObjC
  - SVProgressHUD

SPEC REPOS:
  https://github.com/CocoaPods/Specs.git:
    - ReactiveObjC
    - SVProgressHUD

EXTERNAL SOURCES:
  MDMVVM:
    :path: "../"

SPEC CHECKSUMS:
  MDMVVM: de78da335ef20e003f5e6e0f28279ba234a7f693
  ReactiveObjC: 011caa393aa0383245f2dcf9bf02e86b80b36040
  SVProgressHUD: 1428aafac632c1f86f62aa4243ec12008d7a51d6

PODFILE CHECKSUM: 6dde5dcf8873cfc8c22eb4fe7fa77d5d81f1fb1a

COCOAPODS: 1.10.1
